// !$*UTF8*$!
{
	archiveVersion = 1;
	classes = {
	};
	objectVersion = 46;
	objects = {

/* Begin PBXBuildFile section */
		D87720451BF3EA68005943D3 /* main.m in Sources */ = {isa = PBXBuildFile; fileRef = D87720441BF3EA68005943D3 /* main.m */; };
		D87720481BF3EA68005943D3 /* AppDelegate.m in Sources */ = {isa = PBXBuildFile; fileRef = D87720471BF3EA68005943D3 /* AppDelegate.m */; };
		D877204E1BF3EA68005943D3 /* Main.storyboard in Resources */ = {isa = PBXBuildFile; fileRef = D877204C1BF3EA68005943D3 /* Main.storyboard */; };
		D87720501BF3EA68005943D3 /* Assets.xcassets in Resources */ = {isa = PBXBuildFile; fileRef = D877204F1BF3EA68005943D3 /* Assets.xcassets */; };
		D87720531BF3EA68005943D3 /* LaunchScreen.storyboard in Resources */ = {isa = PBXBuildFile; fileRef = D87720511BF3EA68005943D3 /* LaunchScreen.storyboard */; };
		D877205C1BF3EA93005943D3 /* ListViewController.m in Sources */ = {isa = PBXBuildFile; fileRef = D877205B1BF3EA93005943D3 /* ListViewController.m */; };
		D877205E1BF3EAFC005943D3 /* CoreLocation.framework in Frameworks */ = {isa = PBXBuildFile; fileRef = D877205D1BF3EAFC005943D3 /* CoreLocation.framework */; };
		D87720601BF3EB02005943D3 /* MapKit.framework in Frameworks */ = {isa = PBXBuildFile; fileRef = D877205F1BF3EB02005943D3 /* MapKit.framework */; };
		D87720631BF3F2BF005943D3 /* CoffeePlace.m in Sources */ = {isa = PBXBuildFile; fileRef = D87720621BF3F2BF005943D3 /* CoffeePlace.m */; };
		D87720661BF41C24005943D3 /* DetailViewController.m in Sources */ = {isa = PBXBuildFile; fileRef = D87720651BF41C24005943D3 /* DetailViewController.m */; };
/* End PBXBuildFile section */

/* Begin PBXFileReference section */
		D87720401BF3EA67005943D3 /* CoffeeFinder.app */ = {isa = PBXFileReference; explicitFileType = wrapper.application; includeInIndex = 0; path = CoffeeFinder.app; sourceTree = BUILT_PRODUCTS_DIR; };
		D87720441BF3EA68005943D3 /* main.m */ = {isa = PBXFileReference; lastKnownFileType = sourcecode.c.objc; path = main.m; sourceTree = "<group>"; };
		D87720461BF3EA68005943D3 /* AppDelegate.h */ = {isa = PBXFileReference; lastKnownFileType = sourcecode.c.h; path = AppDelegate.h; sourceTree = "<group>"; };
		D87720471BF3EA68005943D3 /* AppDelegate.m */ = {isa = PBXFileReference; lastKnownFileType = sourcecode.c.objc; path = AppDelegate.m; sourceTree = "<group>"; };
		D877204D1BF3EA68005943D3 /* Base */ = {isa = PBXFileReference; lastKnownFileType = file.storyboard; name = Base; path = Base.lproj/Main.storyboard; sourceTree = "<group>"; };
		D877204F1BF3EA68005943D3 /* Assets.xcassets */ = {isa = PBXFileReference; lastKnownFileType = folder.assetcatalog; path = Assets.xcassets; sourceTree = "<group>"; };
		D87720521BF3EA68005943D3 /* Base */ = {isa = PBXFileReference; lastKnownFileType = file.storyboard; name = Base; path = Base.lproj/LaunchScreen.storyboard; sourceTree = "<group>"; };
		D87720541BF3EA68005943D3 /* Info.plist */ = {isa = PBXFileReference; lastKnownFileType = text.plist.xml; path = Info.plist; sourceTree = "<group>"; };
		D877205A1BF3EA93005943D3 /* ListViewController.h */ = {isa = PBXFileReference; fileEncoding = 4; lastKnownFileType = sourcecode.c.h; path = ListViewController.h; sourceTree = "<group>"; };
		D877205B1BF3EA93005943D3 /* ListViewController.m */ = {isa = PBXFileReference; fileEncoding = 4; lastKnownFileType = sourcecode.c.objc; path = ListViewController.m; sourceTree = "<group>"; };
		D877205D1BF3EAFC005943D3 /* CoreLocation.framework */ = {isa = PBXFileReference; lastKnownFileType = wrapper.framework; name = CoreLocation.framework; path = System/Library/Frameworks/CoreLocation.framework; sourceTree = SDKROOT; };
		D877205F1BF3EB02005943D3 /* MapKit.framework */ = {isa = PBXFileReference; lastKnownFileType = wrapper.framework; name = MapKit.framework; path = System/Library/Frameworks/MapKit.framework; sourceTree = SDKROOT; };
		D87720611BF3F2BF005943D3 /* CoffeePlace.h */ = {isa = PBXFileReference; fileEncoding = 4; lastKnownFileType = sourcecode.c.h; path = CoffeePlace.h; sourceTree = "<group>"; };
		D87720621BF3F2BF005943D3 /* CoffeePlace.m */ = {isa = PBXFileReference; fileEncoding = 4; lastKnownFileType = sourcecode.c.objc; path = CoffeePlace.m; sourceTree = "<group>"; };
		D87720641BF41C24005943D3 /* DetailViewController.h */ = {isa = PBXFileReference; fileEncoding = 4; lastKnownFileType = sourcecode.c.h; path = DetailViewController.h; sourceTree = "<group>"; };
		D87720651BF41C24005943D3 /* DetailViewController.m */ = {isa = PBXFileReference; fileEncoding = 4; lastKnownFileType = sourcecode.c.objc; path = DetailViewController.m; sourceTree = "<group>"; };
/* End PBXFileReference section */

/* Begin PBXFrameworksBuildPhase section */
		D877203D1BF3EA67005943D3 /* Frameworks */ = {
			isa = PBXFrameworksBuildPhase;
			buildActionMask = 2147483647;
			files = (
				D87720601BF3EB02005943D3 /* MapKit.framework in Frameworks */,
				D877205E1BF3EAFC005943D3 /* CoreLocation.framework in Frameworks */,
			);
			runOnlyForDeploymentPostprocessing = 0;
		};
/* End PBXFrameworksBuildPhase section */

/* Begin PBXGroup section */
		D87720371BF3EA67005943D3 = {
			isa = PBXGroup;
			children = (
				D877205F1BF3EB02005943D3 /* MapKit.framework */,
				D877205D1BF3EAFC005943D3 /* CoreLocation.framework */,
				D87720421BF3EA67005943D3 /* CoffeeFinder */,
				D87720411BF3EA67005943D3 /* Products */,
			);
			sourceTree = "<group>";
		};
		D87720411BF3EA67005943D3 /* Products */ = {
			isa = PBXGroup;
			children = (
				D87720401BF3EA67005943D3 /* CoffeeFinder.app */,
			);
			name = Products;
			sourceTree = "<group>";
		};
		D87720421BF3EA67005943D3 /* CoffeeFinder */ = {
			isa = PBXGroup;
			children = (
				D877205A1BF3EA93005943D3 /* ListViewController.h */,
				D877205B1BF3EA93005943D3 /* ListViewController.m */,
				D87720641BF41C24005943D3 /* DetailViewController.h */,
				D87720651BF41C24005943D3 /* DetailViewController.m */,
				D87720611BF3F2BF005943D3 /* CoffeePlace.h */,
				D87720621BF3F2BF005943D3 /* CoffeePlace.m */,
				D87720461BF3EA68005943D3 /* AppDelegate.h */,
				D87720471BF3EA68005943D3 /* AppDelegate.m */,
				D877204C1BF3EA68005943D3 /* Main.storyboard */,
				D877204F1BF3EA68005943D3 /* Assets.xcassets */,
				D87720511BF3EA68005943D3 /* LaunchScreen.storyboard */,
				D87720541BF3EA68005943D3 /* Info.plist */,
				D87720431BF3EA67005943D3 /* Supporting Files */,
			);
			path = CoffeeFinder;
			sourceTree = "<group>";
		};
		D87720431BF3EA67005943D3 /* Supporting Files */ = {
			isa = PBXGroup;
			children = (
				D87720441BF3EA68005943D3 /* main.m */,
			);
			name = "Supporting Files";
			sourceTree = "<group>";
		};
/* End PBXGroup section */

/* Begin PBXNativeTarget section */
		D877203F1BF3EA67005943D3 /* CoffeeFinder */ = {
			isa = PBXNativeTarget;
			buildConfigurationList = D87720571BF3EA68005943D3 /* Build configuration list for PBXNativeTarget "CoffeeFinder" */;
			buildPhases = (
				D877203C1BF3EA67005943D3 /* Sources */,
				D877203D1BF3EA67005943D3 /* Frameworks */,
				D877203E1BF3EA67005943D3 /* Resources */,
			);
			buildRules = (
			);
			dependencies = (
			);
			name = CoffeeFinder;
			productName = CoffeeFinder;
			productReference = D87720401BF3EA67005943D3 /* CoffeeFinder.app */;
			productType = "com.apple.product-type.application";
		};
/* End PBXNativeTarget section */

/* Begin PBXProject section */
		D87720381BF3EA67005943D3 /* Project object */ = {
			isa = PBXProject;
			attributes = {
				LastUpgradeCheck = 0710;
				ORGANIZATIONNAME = "Nathan Lanza";
				TargetAttributes = {
					D877203F1BF3EA67005943D3 = {
						CreatedOnToolsVersion = 7.1;
					};
				};
			};
			buildConfigurationList = D877203B1BF3EA67005943D3 /* Build configuration list for PBXProject "CoffeeFinder" */;
			compatibilityVersion = "Xcode 3.2";
			developmentRegion = English;
			hasScannedForEncodings = 0;
			knownRegions = (
				en,
				Base,
			);
			mainGroup = D87720371BF3EA67005943D3;
			productRefGroup = D87720411BF3EA67005943D3 /* Products */;
			projectDirPath = "";
			projectRoot = "";
			targets = (
				D877203F1BF3EA67005943D3 /* CoffeeFinder */,
			);
		};
/* End PBXProject section */

/* Begin PBXResourcesBuildPhase section */
		D877203E1BF3EA67005943D3 /* Resources */ = {
			isa = PBXResourcesBuildPhase;
			buildActionMask = 2147483647;
			files = (
				D87720531BF3EA68005943D3 /* LaunchScreen.storyboard in Resources */,
				D87720501BF3EA68005943D3 /* Assets.xcassets in Resources */,
				D877204E1BF3EA68005943D3 /* Main.storyboard in Resources */,
			);
			runOnlyForDeploymentPostprocessing = 0;
		};
/* End PBXResourcesBuildPhase section */

/* Begin PBXSourcesBuildPhase section */
		D877203C1BF3EA67005943D3 /* Sources */ = {
			isa = PBXSourcesBuildPhase;
			buildActionMask = 2147483647;
			files = (
				D87720661BF41C24005943D3 /* DetailViewController.m in Sources */,
				D87720481BF3EA68005943D3 /* AppDelegate.m in Sources */,
				D87720631BF3F2BF005943D3 /* CoffeePlace.m in Sources */,
				D87720451BF3EA68005943D3 /* main.m in Sources */,
				D877205C1BF3EA93005943D3 /* ListViewController.m in Sources */,
			);
			runOnlyForDeploymentPostprocessing = 0;
		};
/* End PBXSourcesBuildPhase section */

/* Begin PBXVariantGroup section */
		D877204C1BF3EA68005943D3 /* Main.storyboard */ = {
			isa = PBXVariantGroup;
			children = (
				D877204D1BF3EA68005943D3 /* Base */,
			);
			name = Main.storyboard;
			sourceTree = "<group>";
		};
		D87720511BF3EA68005943D3 /* LaunchScreen.storyboard */ = {
			isa = PBXVariantGroup;
			children = (
				D87720521BF3EA68005943D3 /* Base */,
			);
			name = LaunchScreen.storyboard;
			sourceTree = "<group>";
		};
/* End PBXVariantGroup section */

/* Begin XCBuildConfiguration section */
		D87720551BF3EA68005943D3 /* Debug */ = {
			isa = XCBuildConfiguration;
			buildSettings = {
				ALWAYS_SEARCH_USER_PATHS = NO;
				CLANG_CXX_LANGUAGE_STANDARD = "gnu++0x";
				CLANG_CXX_LIBRARY = "libc++";
				CLANG_ENABLE_MODULES = YES;
				CLANG_ENABLE_OBJC_ARC = YES;
				CLANG_WARN_BOOL_CONVERSION = YES;
				CLANG_WARN_CONSTANT_CONVERSION = YES;
				CLANG_WARN_DIRECT_OBJC_ISA_USAGE = YES_ERROR;
				CLANG_WARN_EMPTY_BODY = YES;
				CLANG_WARN_ENUM_CONVERSION = YES;
				CLANG_WARN_INT_CONVERSION = YES;
				CLANG_WARN_OBJC_ROOT_CLASS = YES_ERROR;
				CLANG_WARN_UNREACHABLE_CODE = YES;
				CLANG_WARN__DUPLICATE_METHOD_MATCH = YES;
				"CODE_SIGN_IDENTITY[sdk=iphoneos*]" = "iPhone Developer";
				COPY_PHASE_STRIP = NO;
				DEBUG_INFORMATION_FORMAT = dwarf;
				ENABLE_STRICT_OBJC_MSGSEND = YES;
				ENABLE_TESTABILITY = YES;
				GCC_C_LANGUAGE_STANDARD = gnu99;
				GCC_DYNAMIC_NO_PIC = NO;
				GCC_NO_COMMON_BLOCKS = YES;
				GCC_OPTIMIZATION_LEVEL = 0;
				GCC_PREPROCESSOR_DEFINITIONS = (
					"DEBUG=1",
					"$(inherited)",
				);
				GCC_WARN_64_TO_32_BIT_CONVERSION = YES;
				GCC_WARN_ABOUT_RETURN_TYPE = YES_ERROR;
				GCC_WARN_UNDECLARED_SELECTOR = YES;
				GCC_WARN_UNINITIALIZED_AUTOS = YES_AGGRESSIVE;
				GCC_WARN_UNUSED_FUNCTION = YES;
				GCC_WARN_UNUSED_VARIABLE = YES;
				IPHONEOS_DEPLOYMENT_TARGET = 9.1;
				MTL_ENABLE_DEBUG_INFO = YES;
				ONLY_ACTIVE_ARCH = YES;
				SDKROOT = iphoneos;
			};
			name = Debug;
		};
		D87720561BF3EA68005943D3 /* Release */ = {
			isa = XCBuildConfiguration;
			buildSettings = {
				ALWAYS_SEARCH_USER_PATHS = NO;
				CLANG_CXX_LANGUAGE_STANDARD = "gnu++0x";
				CLANG_CXX_LIBRARY = "libc++";
				CLANG_ENABLE_MODULES = YES;
				CLANG_ENABLE_OBJC_ARC = YES;
				CLANG_WARN_BOOL_CONVERSION = YES;
				CLANG_WARN_CONSTANT_CONVERSION = YES;
				CLANG_WARN_DIRECT_OBJC_ISA_USAGE = YES_ERROR;
				CLANG_WARN_EMPTY_BODY = YES;
				CLANG_WARN_ENUM_CONVERSION = YES;
				CLANG_WARN_INT_CONVERSION = YES;
				CLANG_WARN_OBJC_ROOT_CLASS = YES_ERROR;
				CLANG_WARN_UNREACHABLE_CODE = YES;
				CLANG_WARN__DUPLICATE_METHOD_MATCH = YES;
				"CODE_SIGN_IDENTITY[sdk=iphoneos*]" = "iPhone Developer";
				COPY_PHASE_STRIP = NO;
				DEBUG_INFORMATION_FORMAT = "dwarf-with-dsym";
				ENABLE_NS_ASSERTIONS = NO;
				ENABLE_STRICT_OBJC_MSGSEND = YES;
				GCC_C_LANGUAGE_STANDARD = gnu99;
				GCC_NO_COMMON_BLOCKS = YES;
				GCC_WARN_64_TO_32_BIT_CONVERSION = YES;
				GCC_WARN_ABOUT_RETURN_TYPE = YES_ERROR;
				GCC_WARN_UNDECLARED_SELECTOR = YES;
				GCC_WARN_UNINITIALIZED_AUTOS = YES_AGGRESSIVE;
				GCC_WARN_UNUSED_FUNCTION = YES;
				GCC_WARN_UNUSED_VARIABLE = YES;
				IPHONEOS_DEPLOYMENT_TARGET = 9.1;
				MTL_ENABLE_DEBUG_INFO = NO;
				SDKROOT = iphoneos;
				VALIDATE_PRODUCT = YES;
			};
			name = Release;
		};
		D87720581BF3EA68005943D3 /* Debug */ = {
			isa = XCBuildConfiguration;
			buildSettings = {
				ASSETCATALOG_COMPILER_APPICON_NAME = AppIcon;
				INFOPLIST_FILE = CoffeeFinder/Info.plist;
				LD_RUNPATH_SEARCH_PATHS = "$(inherited) @executable_path/Frameworks";
				PRODUCT_BUNDLE_IDENTIFIER = com.nathanlanza.CoffeeFinder;
				PRODUCT_NAME = "$(TARGET_NAME)";
			};
			name = Debug;
		};
		D87720591BF3EA68005943D3 /* Release */ = {
			isa = XCBuildConfiguration;
			buildSettings = {
				ASSETCATALOG_COMPILER_APPICON_NAME = AppIcon;
				INFOPLIST_FILE = CoffeeFinder/Info.plist;
				LD_RUNPATH_SEARCH_PATHS = "$(inherited) @executable_path/Frameworks";
				PRODUCT_BUNDLE_IDENTIFIER = com.nathanlanza.CoffeeFinder;
				PRODUCT_NAME = "$(TARGET_NAME)";
			};
			name = Release;
		};
/* End XCBuildConfiguration section */

/* Begin XCConfigurationList section */
		D877203B1BF3EA67005943D3 /* Build configuration list for PBXProject "CoffeeFinder" */ = {
			isa = XCConfigurationList;
			buildConfigurations = (
				D87720551BF3EA68005943D3 /* Debug */,
				D87720561BF3EA68005943D3 /* Release */,
			);
			defaultConfigurationIsVisible = 0;
			defaultConfigurationName = Release;
		};
		D87720571BF3EA68005943D3 /* Build configuration list for PBXNativeTarget "CoffeeFinder" */ = {
			isa = XCConfigurationList;
			buildConfigurations = (
				D87720581BF3EA68005943D3 /* Debug */,
				D87720591BF3EA68005943D3 /* Release */,
			);
			defaultConfigurationIsVisible = 0;
		};
/* End XCConfigurationList section */
	};
	rootObject = D87720381BF3EA67005943D3 /* Project object */;
}
